{
  "requires": true,
  "lockfileVersion": 1,
  "dependencies": {
    "basiclightbox": {
      "version": "5.0.4",
      "resolved": "https://registry.npmjs.org/basiclightbox/-/basiclightbox-5.0.4.tgz",
      "integrity": "sha512-EsuNWmfcFXWZOe0txKXsllYOC7bDpoaVLc4HHHlYKB/roymlZs+FBdLUU6rx2yPpnJZhulwheKdPjqr2k0+NGQ=="
    },
    "simplelightbox": {
      "version": "2.10.2",
      "resolved": "https://registry.npmjs.org/simplelightbox/-/simplelightbox-2.10.2.tgz",
      "integrity": "sha512-mH+3q8kfciK5bIWsTcUa/nGruV2Hnq3hOrJLEpC7JtcdgNjEX6ZqqcBN1ccRNYZvG3saac4Hw0ya4z2aUXiWQQ=="
    }
  }
}
